
Microsoft Visual Studio Solution File, Format Version 12.00
# Visual Studio Version 17
VisualStudioVersion = 17.4.33205.214
MinimumVisualStudioVersion = 10.0.40219.1
Project("{FAE04EC0-301F-11D3-BF4B-00C04F79EFBC}") = "ManageHighSchool", "ManageHighSchool\ManageHighSchool.csproj", "{41D9A4BF-41B4-4439-BE77-EEBEFDCA3168}"
EndProject
Global
	GlobalSection(SolutionConfigurationPlatforms) = preSolution
		Debug|Any CPU = Debug|Any CPU
		Release|Any CPU = Release|Any CPU
	EndGlobalSection
	GlobalSection(ProjectConfigurationPlatforms) = postSolution
		{41D9A4BF-41B4-4439-BE77-EEBEFDCA3168}.Debug|Any CPU.ActiveCfg = Debug|Any CPU
		{41D9A4BF-41B4-4439-BE77-EEBEFDCA3168}.Debug|Any CPU.Build.0 = Debug|Any CPU
		{41D9A4BF-41B4-4439-BE77-EEBEFDCA3168}.Release|Any CPU.ActiveCfg = Release|Any CPU
		{41D9A4BF-41B4-4439-BE77-EEBEFDCA3168}.Release|Any CPU.Build.0 = Release|Any CPU
	EndGlobalSection
	GlobalSection(SolutionProperties) = preSolution
		HideSolutionNode = FALSE
	EndGlobalSection
	GlobalSection(ExtensibilityGlobals) = postSolution
		SolutionGuid = {5AA09D46-D372-443D-B496-9C44641D52FE}
	EndGlobalSection
EndGlobal
